
Microsoft Visual Studio Solution File, Format Version 12.00
# Visual Studio Version 17
VisualStudioVersion = 17.11.35219.272
MinimumVisualStudioVersion = 10.0.40219.1
Project("{FAE04EC0-301F-11D3-BF4B-00C04F79EFBC}") = "LibrarySystem", "LibrarySystem.csproj", "{A5861EC8-9206-4F5F-A9CE-03FA41560303}"
EndProject
Global
	GlobalSection(SolutionConfigurationPlatforms) = preSolution
		Debug|Any CPU = Debug|Any CPU
		Release|Any CPU = Release|Any CPU
	EndGlobalSection
	GlobalSection(ProjectConfigurationPlatforms) = postSolution
		{A5861EC8-9206-4F5F-A9CE-03FA41560303}.Debug|Any CPU.ActiveCfg = Debug|Any CPU
		{A5861EC8-9206-4F5F-A9CE-03FA41560303}.Debug|Any CPU.Build.0 = Debug|Any CPU
		{A5861EC8-9206-4F5F-A9CE-03FA41560303}.Release|Any CPU.ActiveCfg = Release|Any CPU
		{A5861EC8-9206-4F5F-A9CE-03FA41560303}.Release|Any CPU.Build.0 = Release|Any CPU
	EndGlobalSection
	GlobalSection(SolutionProperties) = preSolution
		HideSolutionNode = FALSE
	EndGlobalSection
	GlobalSection(ExtensibilityGlobals) = postSolution
		SolutionGuid = {F0436D3D-F4B3-4320-9E8D-940AA4DC0150}
	EndGlobalSection
EndGlobal
